
Microsoft Visual Studio Solution File, Format Version 12.00
# Visual Studio 14
VisualStudioVersion = 14.0.25420.1
MinimumVisualStudioVersion = 10.0.40219.1
Project("{FAE04EC0-301F-11D3-BF4B-00C04F79EFBC}") = "CSLesson6", "CSLesson6\CSLesson6.csproj", "{E415F2F3-C46C-4C26-8258-B6FDF3E7FCBC}"
EndProject
Project("{FAE04EC0-301F-11D3-BF4B-00C04F79EFBC}") = "CSMoney", "VS\CSMoney\CSMoney\CSMoney.csproj", "{2D7289E1-211C-4F60-BA2F-2DBB5769BB1B}"
EndProject
Global
	GlobalSection(SolutionConfigurationPlatforms) = preSolution
		Debug|Any CPU = Debug|Any CPU
		Release|Any CPU = Release|Any CPU
	EndGlobalSection
	GlobalSection(ProjectConfigurationPlatforms) = postSolution
		{E415F2F3-C46C-4C26-8258-B6FDF3E7FCBC}.Debug|Any CPU.ActiveCfg = Debug|Any CPU
		{E415F2F3-C46C-4C26-8258-B6FDF3E7FCBC}.Debug|Any CPU.Build.0 = Debug|Any CPU
		{E415F2F3-C46C-4C26-8258-B6FDF3E7FCBC}.Release|Any CPU.ActiveCfg = Release|Any CPU
		{E415F2F3-C46C-4C26-8258-B6FDF3E7FCBC}.Release|Any CPU.Build.0 = Release|Any CPU
		{2D7289E1-211C-4F60-BA2F-2DBB5769BB1B}.Debug|Any CPU.ActiveCfg = Debug|Any CPU
		{2D7289E1-211C-4F60-BA2F-2DBB5769BB1B}.Debug|Any CPU.Build.0 = Debug|Any CPU
		{2D7289E1-211C-4F60-BA2F-2DBB5769BB1B}.Release|Any CPU.ActiveCfg = Release|Any CPU
		{2D7289E1-211C-4F60-BA2F-2DBB5769BB1B}.Release|Any CPU.Build.0 = Release|Any CPU
	EndGlobalSection
	GlobalSection(SolutionProperties) = preSolution
		HideSolutionNode = FALSE
	EndGlobalSection
EndGlobal
